
Microsoft Visual Studio Solution File, Format Version 12.00
# Visual Studio Version 16
Project("{2150E333-8FDC-42A3-9474-1A3956D46DE8}") = "CMakePredefinedTargets", "CMakePredefinedTargets", "{263D2334-6B65-3AD7-9086-FECC1CBF09A2}"
EndProject
Project("{2150E333-8FDC-42A3-9474-1A3956D46DE8}") = "examples", "examples", "{659B6925-B2E5-3E55-854C-E55E3EE8EB82}"
EndProject
Project("{2150E333-8FDC-42A3-9474-1A3956D46DE8}") = "external", "external", "{DDA074D9-D6BA-3FFC-8AE9-D82484EDEA9E}"
EndProject
Project("{8BC9CEB8-8B4A-11D0-8D11-00A0C91BC942}") = "ALL_BUILD", "ALL_BUILD.vcxproj", "{A12EDE92-17F0-3317-96D4-F9977217B783}"
	ProjectSection(ProjectDependencies) = postProject
		{98809C56-7489-3C6E-9547-BF377FF34230} = {98809C56-7489-3C6E-9547-BF377FF34230}
		{EEBE2F81-9AE1-3134-A5BB-5CBFB2A614B5} = {EEBE2F81-9AE1-3134-A5BB-5CBFB2A614B5}
		{797DDEEF-50F6-381C-AACC-CBABE4BBFA5C} = {797DDEEF-50F6-381C-AACC-CBABE4BBFA5C}
	EndProjectSection
EndProject
Project("{8BC9CEB8-8B4A-11D0-8D11-00A0C91BC942}") = "ZERO_CHECK", "..\\ZERO_CHECK.vcxproj", "{98809C56-7489-3C6E-9547-BF377FF34230}"
	ProjectSection(ProjectDependencies) = postProject
	EndProjectSection
EndProject
Project("{8BC9CEB8-8B4A-11D0-8D11-00A0C91BC942}") = "application", "..\application\application.vcxproj", "{A4C9EFAE-463B-3446-A6D6-51E9BC64B949}"
	ProjectSection(ProjectDependencies) = postProject
		{98809C56-7489-3C6E-9547-BF377FF34230} = {98809C56-7489-3C6E-9547-BF377FF34230}
		{73A87CFA-58A3-393F-92DA-30B0B0334C0C} = {73A87CFA-58A3-393F-92DA-30B0B0334C0C}
		{91F8F6CB-3B76-3CA8-9BC0-2E6082DE8B82} = {91F8F6CB-3B76-3CA8-9BC0-2E6082DE8B82}
	EndProjectSection
EndProject
Project("{8BC9CEB8-8B4A-11D0-8D11-00A0C91BC942}") = "canvas-example", "canvas-example.vcxproj", "{EEBE2F81-9AE1-3134-A5BB-5CBFB2A614B5}"
	ProjectSection(ProjectDependencies) = postProject
		{98809C56-7489-3C6E-9547-BF377FF34230} = {98809C56-7489-3C6E-9547-BF377FF34230}
		{A4C9EFAE-463B-3446-A6D6-51E9BC64B949} = {A4C9EFAE-463B-3446-A6D6-51E9BC64B949}
		{73A87CFA-58A3-393F-92DA-30B0B0334C0C} = {73A87CFA-58A3-393F-92DA-30B0B0334C0C}
		{91F8F6CB-3B76-3CA8-9BC0-2E6082DE8B82} = {91F8F6CB-3B76-3CA8-9BC0-2E6082DE8B82}
		{797DDEEF-50F6-381C-AACC-CBABE4BBFA5C} = {797DDEEF-50F6-381C-AACC-CBABE4BBFA5C}
	EndProjectSection
EndProject
Project("{8BC9CEB8-8B4A-11D0-8D11-00A0C91BC942}") = "dxerr", "..\application\dxerr.vcxproj", "{73A87CFA-58A3-393F-92DA-30B0B0334C0C}"
	ProjectSection(ProjectDependencies) = postProject
		{98809C56-7489-3C6E-9547-BF377FF34230} = {98809C56-7489-3C6E-9547-BF377FF34230}
	EndProjectSection
EndProject
Project("{8BC9CEB8-8B4A-11D0-8D11-00A0C91BC942}") = "imgui", "..\external\imgui\imgui.vcxproj", "{91F8F6CB-3B76-3CA8-9BC0-2E6082DE8B82}"
	ProjectSection(ProjectDependencies) = postProject
		{98809C56-7489-3C6E-9547-BF377FF34230} = {98809C56-7489-3C6E-9547-BF377FF34230}
	EndProjectSection
EndProject
Project("{8BC9CEB8-8B4A-11D0-8D11-00A0C91BC942}") = "imgui_node_editor", "imgui_node_editor.vcxproj", "{797DDEEF-50F6-381C-AACC-CBABE4BBFA5C}"
	ProjectSection(ProjectDependencies) = postProject
		{98809C56-7489-3C6E-9547-BF377FF34230} = {98809C56-7489-3C6E-9547-BF377FF34230}
		{91F8F6CB-3B76-3CA8-9BC0-2E6082DE8B82} = {91F8F6CB-3B76-3CA8-9BC0-2E6082DE8B82}
	EndProjectSection
EndProject
Global
	GlobalSection(SolutionConfigurationPlatforms) = preSolution
		Debug|x64 = Debug|x64
		Release|x64 = Release|x64
		MinSizeRel|x64 = MinSizeRel|x64
		RelWithDebInfo|x64 = RelWithDebInfo|x64
	EndGlobalSection
	GlobalSection(ProjectConfigurationPlatforms) = postSolution
		{A12EDE92-17F0-3317-96D4-F9977217B783}.Debug|x64.ActiveCfg = Debug|x64
		{A12EDE92-17F0-3317-96D4-F9977217B783}.Release|x64.ActiveCfg = Release|x64
		{A12EDE92-17F0-3317-96D4-F9977217B783}.MinSizeRel|x64.ActiveCfg = MinSizeRel|x64
		{A12EDE92-17F0-3317-96D4-F9977217B783}.RelWithDebInfo|x64.ActiveCfg = RelWithDebInfo|x64
		{98809C56-7489-3C6E-9547-BF377FF34230}.Debug|x64.ActiveCfg = Debug|x64
		{98809C56-7489-3C6E-9547-BF377FF34230}.Debug|x64.Build.0 = Debug|x64
		{98809C56-7489-3C6E-9547-BF377FF34230}.Release|x64.ActiveCfg = Release|x64
		{98809C56-7489-3C6E-9547-BF377FF34230}.Release|x64.Build.0 = Release|x64
		{98809C56-7489-3C6E-9547-BF377FF34230}.MinSizeRel|x64.ActiveCfg = MinSizeRel|x64
		{98809C56-7489-3C6E-9547-BF377FF34230}.MinSizeRel|x64.Build.0 = MinSizeRel|x64
		{98809C56-7489-3C6E-9547-BF377FF34230}.RelWithDebInfo|x64.ActiveCfg = RelWithDebInfo|x64
		{98809C56-7489-3C6E-9547-BF377FF34230}.RelWithDebInfo|x64.Build.0 = RelWithDebInfo|x64
		{A4C9EFAE-463B-3446-A6D6-51E9BC64B949}.Debug|x64.ActiveCfg = Debug|x64
		{A4C9EFAE-463B-3446-A6D6-51E9BC64B949}.Debug|x64.Build.0 = Debug|x64
		{A4C9EFAE-463B-3446-A6D6-51E9BC64B949}.Release|x64.ActiveCfg = Release|x64
		{A4C9EFAE-463B-3446-A6D6-51E9BC64B949}.Release|x64.Build.0 = Release|x64
		{A4C9EFAE-463B-3446-A6D6-51E9BC64B949}.MinSizeRel|x64.ActiveCfg = MinSizeRel|x64
		{A4C9EFAE-463B-3446-A6D6-51E9BC64B949}.MinSizeRel|x64.Build.0 = MinSizeRel|x64
		{A4C9EFAE-463B-3446-A6D6-51E9BC64B949}.RelWithDebInfo|x64.ActiveCfg = RelWithDebInfo|x64
		{A4C9EFAE-463B-3446-A6D6-51E9BC64B949}.RelWithDebInfo|x64.Build.0 = RelWithDebInfo|x64
		{EEBE2F81-9AE1-3134-A5BB-5CBFB2A614B5}.Debug|x64.ActiveCfg = Debug|x64
		{EEBE2F81-9AE1-3134-A5BB-5CBFB2A614B5}.Debug|x64.Build.0 = Debug|x64
		{EEBE2F81-9AE1-3134-A5BB-5CBFB2A614B5}.Release|x64.ActiveCfg = Release|x64
		{EEBE2F81-9AE1-3134-A5BB-5CBFB2A614B5}.Release|x64.Build.0 = Release|x64
		{EEBE2F81-9AE1-3134-A5BB-5CBFB2A614B5}.MinSizeRel|x64.ActiveCfg = MinSizeRel|x64
		{EEBE2F81-9AE1-3134-A5BB-5CBFB2A614B5}.MinSizeRel|x64.Build.0 = MinSizeRel|x64
		{EEBE2F81-9AE1-3134-A5BB-5CBFB2A614B5}.RelWithDebInfo|x64.ActiveCfg = RelWithDebInfo|x64
		{EEBE2F81-9AE1-3134-A5BB-5CBFB2A614B5}.RelWithDebInfo|x64.Build.0 = RelWithDebInfo|x64
		{73A87CFA-58A3-393F-92DA-30B0B0334C0C}.Debug|x64.ActiveCfg = Debug|x64
		{73A87CFA-58A3-393F-92DA-30B0B0334C0C}.Debug|x64.Build.0 = Debug|x64
		{73A87CFA-58A3-393F-92DA-30B0B0334C0C}.Release|x64.ActiveCfg = Release|x64
		{73A87CFA-58A3-393F-92DA-30B0B0334C0C}.Release|x64.Build.0 = Release|x64
		{73A87CFA-58A3-393F-92DA-30B0B0334C0C}.MinSizeRel|x64.ActiveCfg = MinSizeRel|x64
		{73A87CFA-58A3-393F-92DA-30B0B0334C0C}.MinSizeRel|x64.Build.0 = MinSizeRel|x64
		{73A87CFA-58A3-393F-92DA-30B0B0334C0C}.RelWithDebInfo|x64.ActiveCfg = RelWithDebInfo|x64
		{73A87CFA-58A3-393F-92DA-30B0B0334C0C}.RelWithDebInfo|x64.Build.0 = RelWithDebInfo|x64
		{91F8F6CB-3B76-3CA8-9BC0-2E6082DE8B82}.Debug|x64.ActiveCfg = Debug|x64
		{91F8F6CB-3B76-3CA8-9BC0-2E6082DE8B82}.Debug|x64.Build.0 = Debug|x64
		{91F8F6CB-3B76-3CA8-9BC0-2E6082DE8B82}.Release|x64.ActiveCfg = Release|x64
		{91F8F6CB-3B76-3CA8-9BC0-2E6082DE8B82}.Release|x64.Build.0 = Release|x64
		{91F8F6CB-3B76-3CA8-9BC0-2E6082DE8B82}.MinSizeRel|x64.ActiveCfg = MinSizeRel|x64
		{91F8F6CB-3B76-3CA8-9BC0-2E6082DE8B82}.MinSizeRel|x64.Build.0 = MinSizeRel|x64
		{91F8F6CB-3B76-3CA8-9BC0-2E6082DE8B82}.RelWithDebInfo|x64.ActiveCfg = RelWithDebInfo|x64
		{91F8F6CB-3B76-3CA8-9BC0-2E6082DE8B82}.RelWithDebInfo|x64.Build.0 = RelWithDebInfo|x64
		{797DDEEF-50F6-381C-AACC-CBABE4BBFA5C}.Debug|x64.ActiveCfg = Debug|x64
		{797DDEEF-50F6-381C-AACC-CBABE4BBFA5C}.Debug|x64.Build.0 = Debug|x64
		{797DDEEF-50F6-381C-AACC-CBABE4BBFA5C}.Release|x64.ActiveCfg = Release|x64
		{797DDEEF-50F6-381C-AACC-CBABE4BBFA5C}.Release|x64.Build.0 = Release|x64
		{797DDEEF-50F6-381C-AACC-CBABE4BBFA5C}.MinSizeRel|x64.ActiveCfg = MinSizeRel|x64
		{797DDEEF-50F6-381C-AACC-CBABE4BBFA5C}.MinSizeRel|x64.Build.0 = MinSizeRel|x64
		{797DDEEF-50F6-381C-AACC-CBABE4BBFA5C}.RelWithDebInfo|x64.ActiveCfg = RelWithDebInfo|x64
		{797DDEEF-50F6-381C-AACC-CBABE4BBFA5C}.RelWithDebInfo|x64.Build.0 = RelWithDebInfo|x64
	EndGlobalSection
	GlobalSection(NestedProjects) = preSolution
		{A12EDE92-17F0-3317-96D4-F9977217B783} = {263D2334-6B65-3AD7-9086-FECC1CBF09A2}
		{98809C56-7489-3C6E-9547-BF377FF34230} = {263D2334-6B65-3AD7-9086-FECC1CBF09A2}
		{A4C9EFAE-463B-3446-A6D6-51E9BC64B949} = {659B6925-B2E5-3E55-854C-E55E3EE8EB82}
		{EEBE2F81-9AE1-3134-A5BB-5CBFB2A614B5} = {659B6925-B2E5-3E55-854C-E55E3EE8EB82}
		{73A87CFA-58A3-393F-92DA-30B0B0334C0C} = {DDA074D9-D6BA-3FFC-8AE9-D82484EDEA9E}
		{91F8F6CB-3B76-3CA8-9BC0-2E6082DE8B82} = {DDA074D9-D6BA-3FFC-8AE9-D82484EDEA9E}
	EndGlobalSection
	GlobalSection(ExtensibilityGlobals) = postSolution
		SolutionGuid = {EADCC6A9-2241-3AF4-93A8-96DCC317A3A5}
	EndGlobalSection
	GlobalSection(ExtensibilityAddIns) = postSolution
	EndGlobalSection
EndGlobal
