<?xml version="1.0" encoding="utf-8"?>
<Project ToolsVersion="16.0" xmlns="http://schemas.microsoft.com/developer/msbuild/2003">
  <ItemGroup>
    <ClCompile Include="F:\imgui-node-editor-master\examples\canvas-example\canvas-example.cpp" />
  </ItemGroup>
  <ItemGroup>
    <CustomBuild Include="F:\imgui-node-editor-master\examples\canvas-example\CMakeLists.txt" />
  </ItemGroup>
  <ItemGroup>
    <None Include="F:\imgui-node-editor-master\examples\data\Cuprum-Bold.ttf">
      <Filter>data</Filter>
    </None>
    <None Include="F:\imgui-node-editor-master\examples\data\Cuprum-OFL.txt">
      <Filter>data</Filter>
    </None>
    <None Include="F:\imgui-node-editor-master\examples\data\Oswald-OFL.txt">
      <Filter>data</Filter>
    </None>
    <None Include="F:\imgui-node-editor-master\examples\data\Oswald-Regular.ttf">
      <Filter>data</Filter>
    </None>
    <None Include="F:\imgui-node-editor-master\examples\data\Play-OFL.txt">
      <Filter>data</Filter>
    </None>
    <None Include="F:\imgui-node-editor-master\examples\data\Play-Regular.ttf">
      <Filter>data</Filter>
    </None>
  </ItemGroup>
  <ItemGroup>
    <ResourceCompile Include="F:\imgui-node-editor-master\build\canvas-example\Resource.rc">
      <Filter>resources</Filter>
    </ResourceCompile>
  </ItemGroup>
  <ItemGroup>
    <Filter Include="data">
      <UniqueIdentifier>{1CE3FCC4-35EC-388E-9FE4-C3EE1BB2CA14}</UniqueIdentifier>
    </Filter>
    <Filter Include="resources">
      <UniqueIdentifier>{6501F875-2E98-35B7-B7EB-E5B18D93571F}</UniqueIdentifier>
    </Filter>
  </ItemGroup>
</Project>
